
Microsoft Visual Studio Solution File, Format Version 12.00
# Visual Studio Version 17
VisualStudioVersion = 17.8.34511.84
MinimumVisualStudioVersion = 10.0.40219.1
Project("{FAE04EC0-301F-11D3-BF4B-00C04F79EFBC}") = "myzgin12", "myzgin12\myzgin12.csproj", "{E0296403-FAE6-4226-BB44-91A729419010}"
EndProject
Global
	GlobalSection(SolutionConfigurationPlatforms) = preSolution
		Debug|Any CPU = Debug|Any CPU
		Release|Any CPU = Release|Any CPU
	EndGlobalSection
	GlobalSection(ProjectConfigurationPlatforms) = postSolution
		{E0296403-FAE6-4226-BB44-91A729419010}.Debug|Any CPU.ActiveCfg = Debug|Any CPU
		{E0296403-FAE6-4226-BB44-91A729419010}.Debug|Any CPU.Build.0 = Debug|Any CPU
		{E0296403-FAE6-4226-BB44-91A729419010}.Release|Any CPU.ActiveCfg = Release|Any CPU
		{E0296403-FAE6-4226-BB44-91A729419010}.Release|Any CPU.Build.0 = Release|Any CPU
	EndGlobalSection
	GlobalSection(SolutionProperties) = preSolution
		HideSolutionNode = FALSE
	EndGlobalSection
	GlobalSection(ExtensibilityGlobals) = postSolution
		SolutionGuid = {F83BBF9E-E4F9-499B-854A-48571963BBDE}
	EndGlobalSection
EndGlobal
